
Microsoft Visual Studio Solution File, Format Version 12.00
# Visual Studio Version 16
VisualStudioVersion = 16.0.30204.135
MinimumVisualStudioVersion = 15.0.26124.0
Project("{9A19103F-16F7-4668-BE54-9A1E7A4F7556}") = "ProjetoQuiver.Api", "ProjetoQuiver.Api\ProjetoQuiver.Api.csproj", "{24738124-8366-4D3E-A3EB-0649B686CE9D}"
EndProject
Global
	GlobalSection(SolutionConfigurationPlatforms) = preSolution
		Debug|Any CPU = Debug|Any CPU
		Debug|x64 = Debug|x64
		Debug|x86 = Debug|x86
		Release|Any CPU = Release|Any CPU
		Release|x64 = Release|x64
		Release|x86 = Release|x86
	EndGlobalSection
	GlobalSection(ProjectConfigurationPlatforms) = postSolution
		{24738124-8366-4D3E-A3EB-0649B686CE9D}.Debug|Any CPU.ActiveCfg = Debug|Any CPU
		{24738124-8366-4D3E-A3EB-0649B686CE9D}.Debug|Any CPU.Build.0 = Debug|Any CPU
		{24738124-8366-4D3E-A3EB-0649B686CE9D}.Debug|x64.ActiveCfg = Debug|Any CPU
		{24738124-8366-4D3E-A3EB-0649B686CE9D}.Debug|x64.Build.0 = Debug|Any CPU
		{24738124-8366-4D3E-A3EB-0649B686CE9D}.Debug|x86.ActiveCfg = Debug|Any CPU
		{24738124-8366-4D3E-A3EB-0649B686CE9D}.Debug|x86.Build.0 = Debug|Any CPU
		{24738124-8366-4D3E-A3EB-0649B686CE9D}.Release|Any CPU.ActiveCfg = Release|Any CPU
		{24738124-8366-4D3E-A3EB-0649B686CE9D}.Release|Any CPU.Build.0 = Release|Any CPU
		{24738124-8366-4D3E-A3EB-0649B686CE9D}.Release|x64.ActiveCfg = Release|Any CPU
		{24738124-8366-4D3E-A3EB-0649B686CE9D}.Release|x64.Build.0 = Release|Any CPU
		{24738124-8366-4D3E-A3EB-0649B686CE9D}.Release|x86.ActiveCfg = Release|Any CPU
		{24738124-8366-4D3E-A3EB-0649B686CE9D}.Release|x86.Build.0 = Release|Any CPU
	EndGlobalSection
	GlobalSection(SolutionProperties) = preSolution
		HideSolutionNode = FALSE
	EndGlobalSection
	GlobalSection(ExtensibilityGlobals) = postSolution
		SolutionGuid = {BAE96FBD-446C-4713-AB73-67C70106615B}
	EndGlobalSection
EndGlobal
